{
  "name": "root",
  "lockfileVersion": 2,
  "requires": true,
  "packages": {
    "": {
      "name": "root",
      "workspaces": [
        "packages/*"
      ]
    },
    "node_modules/@lijuhong1981/jscheck": {
      "resolved": "packages/jscheck",
      "link": true
    },
    "node_modules/@lijuhong1981/jscolor": {
      "resolved": "packages/jscolor",
      "link": true
    },
    "node_modules/@lijuhong1981/jsdestroy": {
      "resolved": "packages/jsdestroy",
      "link": true
    },
    "node_modules/@lijuhong1981/jsevents": {
      "resolved": "packages/jsevents",
      "link": true
    },
    "node_modules/@lijuhong1981/jsgif": {
      "resolved": "packages/jsgif",
      "link": true
    },
    "node_modules/@lijuhong1981/jshtml": {
      "resolved": "packages/jshtml",
      "link": true
    },
    "node_modules/@lijuhong1981/jslib": {
      "resolved": "packages/jslib",
      "link": true
    },
    "node_modules/@lijuhong1981/jslibs": {
      "resolved": "packages/jslibs",
      "link": true
    },
    "node_modules/@lijuhong1981/jsload": {
      "resolved": "packages/jsload",
      "link": true
    },
    "node_modules/@lijuhong1981/jsmath": {
      "resolved": "packages/jsmath",
      "link": true
    },
    "node_modules/@lijuhong1981/jstask": {
      "resolved": "packages/jstask",
      "link": true
    },
    "node_modules/@lijuhong1981/jstext": {
      "resolved": "packages/jstext",
      "link": true
    },
    "node_modules/@lijuhong1981/jstime": {
      "resolved": "packages/jstime",
      "link": true
    },
    "node_modules/@lijuhong1981/jsurl": {
      "resolved": "packages/jsurl",
      "link": true
    },
    "node_modules/@lijuhong1981/jswindfield": {
      "resolved": "packages/jswindfield",
      "link": true
    },
    "packages/jscheck": {
      "name": "@lijuhong1981/jscheck",
      "version": "1.0.9",
      "license": "ISC"
    },
    "packages/jscolor": {
      "name": "@lijuhong1981/jscolor",
      "version": "1.0.11",
      "license": "ISC",
      "dependencies": {
        "@lijuhong1981/jscheck": "^1.0.9",
        "@lijuhong1981/jsdestroy": "^1.1.7",
        "@lijuhong1981/jsmath": "^1.1.11"
      }
    },
    "packages/jsdestroy": {
      "name": "@lijuhong1981/jsdestroy",
      "version": "1.1.7",
      "license": "ISC"
    },
    "packages/jsevents": {
      "name": "@lijuhong1981/jsevents",
      "version": "1.1.1",
      "license": "ISC",
      "dependencies": {
        "@lijuhong1981/jscheck": "^1.0.9",
        "@lijuhong1981/jsdestroy": "^1.1.7"
      }
    },
    "packages/jsgif": {
      "name": "@lijuhong1981/jsgif",
      "version": "1.1.8",
      "license": "ISC",
      "dependencies": {
        "@lijuhong1981/jscheck": "^1.0.9",
        "@lijuhong1981/jsdestroy": "^1.1.7",
        "@lijuhong1981/jsevents": "^1.1.1",
        "@lijuhong1981/jsload": "^1.1.7"
      }
    },
    "packages/jshtml": {
      "name": "@lijuhong1981/jshtml",
      "version": "1.0.4",
      "license": "ISC",
      "dependencies": {
        "@lijuhong1981/jscheck": "^1.0.9"
      }
    },
    "packages/jslib": {
      "name": "@lijuhong1981/jslib",
      "version": "1.0.11",
      "license": "ISC"
    },
    "packages/jslibs": {
      "name": "@lijuhong1981/jslibs",
      "version": "1.1.26",
      "license": "ISC",
      "dependencies": {
        "@lijuhong1981/jscheck": "^1.0.9",
        "@lijuhong1981/jscolor": "^1.0.11",
        "@lijuhong1981/jsdestroy": "^1.1.7",
        "@lijuhong1981/jsevents": "^1.1.1",
        "@lijuhong1981/jsgif": "^1.1.8",
        "@lijuhong1981/jshtml": "^1.0.4",
        "@lijuhong1981/jslib": "^1.0.11",
        "@lijuhong1981/jsload": "^1.1.7",
        "@lijuhong1981/jsmath": "^1.1.11",
        "@lijuhong1981/jstask": "^1.0.10",
        "@lijuhong1981/jstext": "^1.0.6",
        "@lijuhong1981/jstime": "^1.0.7",
        "@lijuhong1981/jsurl": "^1.0.8",
        "@lijuhong1981/jswindfield": "^1.0.12"
      }
    },
    "packages/jsload": {
      "name": "@lijuhong1981/jsload",
      "version": "1.1.7",
      "license": "ISC",
      "dependencies": {
        "@lijuhong1981/jscheck": "^1.0.9",
        "@lijuhong1981/jsdestroy": "^1.1.7",
        "@lijuhong1981/jsurl": "^1.0.8"
      }
    },
    "packages/jsmath": {
      "name": "@lijuhong1981/jsmath",
      "version": "1.1.11",
      "license": "ISC"
    },
    "packages/jstask": {
      "name": "@lijuhong1981/jstask",
      "version": "1.0.10",
      "license": "ISC",
      "dependencies": {
        "@lijuhong1981/jscheck": "^1.0.9",
        "@lijuhong1981/jsdestroy": "^1.1.7",
        "@lijuhong1981/jstime": "^1.0.7"
      }
    },
    "packages/jstext": {
      "name": "@lijuhong1981/jstext",
      "version": "1.0.6",
      "license": "ISC"
    },
    "packages/jstime": {
      "name": "@lijuhong1981/jstime",
      "version": "1.0.7",
      "license": "ISC"
    },
    "packages/jsurl": {
      "name": "@lijuhong1981/jsurl",
      "version": "1.0.8",
      "license": "ISC"
    },
    "packages/jswindfield": {
      "name": "@lijuhong1981/jswindfield",
      "version": "1.0.12",
      "license": "ISC",
      "dependencies": {
        "@lijuhong1981/jscheck": "^1.0.9",
        "@lijuhong1981/jsdestroy": "^1.1.7",
        "@lijuhong1981/jsmath": "^1.1.11",
        "@lijuhong1981/jstime": "^1.0.7"
      }
    }
  },
  "dependencies": {
    "@lijuhong1981/jscheck": {
      "version": "file:packages/jscheck"
    },
    "@lijuhong1981/jscolor": {
      "version": "file:packages/jscolor",
      "requires": {
        "@lijuhong1981/jscheck": "^1.0.9",
        "@lijuhong1981/jsdestroy": "^1.1.7",
        "@lijuhong1981/jsmath": "^1.1.11"
      }
    },
    "@lijuhong1981/jsdestroy": {
      "version": "file:packages/jsdestroy"
    },
    "@lijuhong1981/jsevents": {
      "version": "file:packages/jsevents",
      "requires": {
        "@lijuhong1981/jscheck": "^1.0.9",
        "@lijuhong1981/jsdestroy": "^1.1.7"
      }
    },
    "@lijuhong1981/jsgif": {
      "version": "file:packages/jsgif",
      "requires": {
        "@lijuhong1981/jscheck": "^1.0.9",
        "@lijuhong1981/jsdestroy": "^1.1.7",
        "@lijuhong1981/jsevents": "^1.1.1",
        "@lijuhong1981/jsload": "^1.1.7"
      }
    },
    "@lijuhong1981/jshtml": {
      "version": "file:packages/jshtml",
      "requires": {
        "@lijuhong1981/jscheck": "^1.0.9"
      }
    },
    "@lijuhong1981/jslib": {
      "version": "file:packages/jslib"
    },
    "@lijuhong1981/jslibs": {
      "version": "file:packages/jslibs",
      "requires": {
        "@lijuhong1981/jscheck": "^1.0.9",
        "@lijuhong1981/jscolor": "^1.0.11",
        "@lijuhong1981/jsdestroy": "^1.1.7",
        "@lijuhong1981/jsevents": "^1.1.1",
        "@lijuhong1981/jsgif": "^1.1.8",
        "@lijuhong1981/jshtml": "^1.0.4",
        "@lijuhong1981/jslib": "^1.0.11",
        "@lijuhong1981/jsload": "^1.1.7",
        "@lijuhong1981/jsmath": "^1.1.11",
        "@lijuhong1981/jstask": "^1.0.10",
        "@lijuhong1981/jstext": "^1.0.6",
        "@lijuhong1981/jstime": "^1.0.7",
        "@lijuhong1981/jsurl": "^1.0.8",
        "@lijuhong1981/jswindfield": "^1.0.12"
      }
    },
    "@lijuhong1981/jsload": {
      "version": "file:packages/jsload",
      "requires": {
        "@lijuhong1981/jscheck": "^1.0.9",
        "@lijuhong1981/jsdestroy": "^1.1.7",
        "@lijuhong1981/jsurl": "^1.0.8"
      }
    },
    "@lijuhong1981/jsmath": {
      "version": "file:packages/jsmath"
    },
    "@lijuhong1981/jstask": {
      "version": "file:packages/jstask",
      "requires": {
        "@lijuhong1981/jscheck": "^1.0.9",
        "@lijuhong1981/jsdestroy": "^1.1.7",
        "@lijuhong1981/jstime": "^1.0.7"
      }
    },
    "@lijuhong1981/jstext": {
      "version": "file:packages/jstext"
    },
    "@lijuhong1981/jstime": {
      "version": "file:packages/jstime"
    },
    "@lijuhong1981/jsurl": {
      "version": "file:packages/jsurl"
    },
    "@lijuhong1981/jswindfield": {
      "version": "file:packages/jswindfield",
      "requires": {
        "@lijuhong1981/jscheck": "^1.0.9",
        "@lijuhong1981/jsdestroy": "^1.1.7",
        "@lijuhong1981/jsmath": "^1.1.11",
        "@lijuhong1981/jstime": "^1.0.7"
      }
    }
  }
}
